// !$*UTF8*$!
{
	archiveVersion = 1;
	classes = {
	};
	objectVersion = 56;
	objects = {

/* Begin PBXBuildFile section */
		FFA88CC62A25255500FAC187 /* ITunesByVasiliyApp.swift in Sources */ = {isa = PBXBuildFile; fileRef = FFA88CC52A25255500FAC187 /* ITunesByVasiliyApp.swift */; };
		FFA88CC82A25255500FAC187 /* ListScreenView.swift in Sources */ = {isa = PBXBuildFile; fileRef = FFA88CC72A25255500FAC187 /* ListScreenView.swift */; };
		FFA88CCA2A25255900FAC187 /* Assets.xcassets in Resources */ = {isa = PBXBuildFile; fileRef = FFA88CC92A25255900FAC187 /* Assets.xcassets */; };
		FFA88CCD2A25255900FAC187 /* Preview Assets.xcassets in Resources */ = {isa = PBXBuildFile; fileRef = FFA88CCC2A25255900FAC187 /* Preview Assets.xcassets */; };
		FFA88CD42A25265A00FAC187 /* SearchBarView.swift in Sources */ = {isa = PBXBuildFile; fileRef = FFA88CD32A25265A00FAC187 /* SearchBarView.swift */; };
		FFA88CD72A25282A00FAC187 /* NetworkManager.swift in Sources */ = {isa = PBXBuildFile; fileRef = FFA88CD62A25282A00FAC187 /* NetworkManager.swift */; };
		FFA88CD92A2529D200FAC187 /* Music.swift in Sources */ = {isa = PBXBuildFile; fileRef = FFA88CD82A2529D200FAC187 /* Music.swift */; };
		FFA88CDE2A2537A900FAC187 /* UIApplication.swift in Sources */ = {isa = PBXBuildFile; fileRef = FFA88CDD2A2537A900FAC187 /* UIApplication.swift */; };
		FFA88CE12A25D6DC00FAC187 /* CellView.swift in Sources */ = {isa = PBXBuildFile; fileRef = FFA88CE02A25D6DC00FAC187 /* CellView.swift */; };
		FFA88CE32A25D70C00FAC187 /* DetailListView.swift in Sources */ = {isa = PBXBuildFile; fileRef = FFA88CE22A25D70C00FAC187 /* DetailListView.swift */; };
		FFA88CE52A25D7F200FAC187 /* URLImageView.swift in Sources */ = {isa = PBXBuildFile; fileRef = FFA88CE42A25D7F200FAC187 /* URLImageView.swift */; };
		FFA88CE72A260C8E00FAC187 /* SoundManager.swift in Sources */ = {isa = PBXBuildFile; fileRef = FFA88CE62A260C8D00FAC187 /* SoundManager.swift */; };
/* End PBXBuildFile section */

/* Begin PBXFileReference section */
		FFA88CC22A25255500FAC187 /* ITunesByVasiliy.app */ = {isa = PBXFileReference; explicitFileType = wrapper.application; includeInIndex = 0; path = ITunesByVasiliy.app; sourceTree = BUILT_PRODUCTS_DIR; };
		FFA88CC52A25255500FAC187 /* ITunesByVasiliyApp.swift */ = {isa = PBXFileReference; lastKnownFileType = sourcecode.swift; path = ITunesByVasiliyApp.swift; sourceTree = "<group>"; };
		FFA88CC72A25255500FAC187 /* ListScreenView.swift */ = {isa = PBXFileReference; lastKnownFileType = sourcecode.swift; path = ListScreenView.swift; sourceTree = "<group>"; };
		FFA88CC92A25255900FAC187 /* Assets.xcassets */ = {isa = PBXFileReference; lastKnownFileType = folder.assetcatalog; path = Assets.xcassets; sourceTree = "<group>"; };
		FFA88CCC2A25255900FAC187 /* Preview Assets.xcassets */ = {isa = PBXFileReference; lastKnownFileType = folder.assetcatalog; path = "Preview Assets.xcassets"; sourceTree = "<group>"; };
		FFA88CD32A25265A00FAC187 /* SearchBarView.swift */ = {isa = PBXFileReference; lastKnownFileType = sourcecode.swift; path = SearchBarView.swift; sourceTree = "<group>"; };
		FFA88CD62A25282A00FAC187 /* NetworkManager.swift */ = {isa = PBXFileReference; lastKnownFileType = sourcecode.swift; path = NetworkManager.swift; sourceTree = "<group>"; };
		FFA88CD82A2529D200FAC187 /* Music.swift */ = {isa = PBXFileReference; lastKnownFileType = sourcecode.swift; path = Music.swift; sourceTree = "<group>"; };
		FFA88CDD2A2537A900FAC187 /* UIApplication.swift */ = {isa = PBXFileReference; lastKnownFileType = sourcecode.swift; path = UIApplication.swift; sourceTree = "<group>"; };
		FFA88CE02A25D6DC00FAC187 /* CellView.swift */ = {isa = PBXFileReference; lastKnownFileType = sourcecode.swift; path = CellView.swift; sourceTree = "<group>"; };
		FFA88CE22A25D70C00FAC187 /* DetailListView.swift */ = {isa = PBXFileReference; lastKnownFileType = sourcecode.swift; path = DetailListView.swift; sourceTree = "<group>"; };
		FFA88CE42A25D7F200FAC187 /* URLImageView.swift */ = {isa = PBXFileReference; lastKnownFileType = sourcecode.swift; path = URLImageView.swift; sourceTree = "<group>"; };
		FFA88CE62A260C8D00FAC187 /* SoundManager.swift */ = {isa = PBXFileReference; lastKnownFileType = sourcecode.swift; path = SoundManager.swift; sourceTree = "<group>"; };
/* End PBXFileReference section */

/* Begin PBXFrameworksBuildPhase section */
		FFA88CBF2A25255500FAC187 /* Frameworks */ = {
			isa = PBXFrameworksBuildPhase;
			buildActionMask = 2147483647;
			files = (
			);
			runOnlyForDeploymentPostprocessing = 0;
		};
/* End PBXFrameworksBuildPhase section */

/* Begin PBXGroup section */
		FFA88CB92A25255500FAC187 = {
			isa = PBXGroup;
			children = (
				FFA88CC42A25255500FAC187 /* ITunesByVasiliy */,
				FFA88CC32A25255500FAC187 /* Products */,
			);
			sourceTree = "<group>";
		};
		FFA88CC32A25255500FAC187 /* Products */ = {
			isa = PBXGroup;
			children = (
				FFA88CC22A25255500FAC187 /* ITunesByVasiliy.app */,
			);
			name = Products;
			sourceTree = "<group>";
		};
		FFA88CC42A25255500FAC187 /* ITunesByVasiliy */ = {
			isa = PBXGroup;
			children = (
				FFA88CE82A260F1C00FAC187 /* App */,
				FFA88CEA2A260F3E00FAC187 /* MainViews */,
				FFA88CE92A260F2600FAC187 /* Views */,
				FFA88CD52A25280B00FAC187 /* Managers */,
				FFA88CDF2A2537C200FAC187 /* Model */,
				FFA88CDC2A25376C00FAC187 /* Extensions */,
				FFA88CC92A25255900FAC187 /* Assets.xcassets */,
				FFA88CCB2A25255900FAC187 /* Preview Content */,
			);
			path = ITunesByVasiliy;
			sourceTree = "<group>";
		};
		FFA88CCB2A25255900FAC187 /* Preview Content */ = {
			isa = PBXGroup;
			children = (
				FFA88CCC2A25255900FAC187 /* Preview Assets.xcassets */,
			);
			path = "Preview Content";
			sourceTree = "<group>";
		};
		FFA88CD52A25280B00FAC187 /* Managers */ = {
			isa = PBXGroup;
			children = (
				FFA88CD62A25282A00FAC187 /* NetworkManager.swift */,
				FFA88CE62A260C8D00FAC187 /* SoundManager.swift */,
			);
			path = Managers;
			sourceTree = "<group>";
		};
		FFA88CDC2A25376C00FAC187 /* Extensions */ = {
			isa = PBXGroup;
			children = (
				FFA88CDD2A2537A900FAC187 /* UIApplication.swift */,
			);
			path = Extensions;
			sourceTree = "<group>";
		};
		FFA88CDF2A2537C200FAC187 /* Model */ = {
			isa = PBXGroup;
			children = (
				FFA88CD82A2529D200FAC187 /* Music.swift */,
			);
			path = Model;
			sourceTree = "<group>";
		};
		FFA88CE82A260F1C00FAC187 /* App */ = {
			isa = PBXGroup;
			children = (
				FFA88CC52A25255500FAC187 /* ITunesByVasiliyApp.swift */,
			);
			path = App;
			sourceTree = "<group>";
		};
		FFA88CE92A260F2600FAC187 /* Views */ = {
			isa = PBXGroup;
			children = (
				FFA88CD32A25265A00FAC187 /* SearchBarView.swift */,
				FFA88CE02A25D6DC00FAC187 /* CellView.swift */,
				FFA88CE42A25D7F200FAC187 /* URLImageView.swift */,
			);
			path = Views;
			sourceTree = "<group>";
		};
		FFA88CEA2A260F3E00FAC187 /* MainViews */ = {
			isa = PBXGroup;
			children = (
				FFA88CC72A25255500FAC187 /* ListScreenView.swift */,
				FFA88CE22A25D70C00FAC187 /* DetailListView.swift */,
			);
			path = MainViews;
			sourceTree = "<group>";
		};
/* End PBXGroup section */

/* Begin PBXNativeTarget section */
		FFA88CC12A25255500FAC187 /* ITunesByVasiliy */ = {
			isa = PBXNativeTarget;
			buildConfigurationList = FFA88CD02A25255900FAC187 /* Build configuration list for PBXNativeTarget "ITunesByVasiliy" */;
			buildPhases = (
				FFA88CBE2A25255500FAC187 /* Sources */,
				FFA88CBF2A25255500FAC187 /* Frameworks */,
				FFA88CC02A25255500FAC187 /* Resources */,
			);
			buildRules = (
			);
			dependencies = (
			);
			name = ITunesByVasiliy;
			productName = ITunesByVasiliy;
			productReference = FFA88CC22A25255500FAC187 /* ITunesByVasiliy.app */;
			productType = "com.apple.product-type.application";
		};
/* End PBXNativeTarget section */

/* Begin PBXProject section */
		FFA88CBA2A25255500FAC187 /* Project object */ = {
			isa = PBXProject;
			attributes = {
				BuildIndependentTargetsInParallel = 1;
				LastSwiftUpdateCheck = 1410;
				LastUpgradeCheck = 1410;
				TargetAttributes = {
					FFA88CC12A25255500FAC187 = {
						CreatedOnToolsVersion = 14.1;
					};
				};
			};
			buildConfigurationList = FFA88CBD2A25255500FAC187 /* Build configuration list for PBXProject "ITunesByVasiliy" */;
			compatibilityVersion = "Xcode 14.0";
			developmentRegion = en;
			hasScannedForEncodings = 0;
			knownRegions = (
				en,
				Base,
			);
			mainGroup = FFA88CB92A25255500FAC187;
			productRefGroup = FFA88CC32A25255500FAC187 /* Products */;
			projectDirPath = "";
			projectRoot = "";
			targets = (
				FFA88CC12A25255500FAC187 /* ITunesByVasiliy */,
			);
		};
/* End PBXProject section */

/* Begin PBXResourcesBuildPhase section */
		FFA88CC02A25255500FAC187 /* Resources */ = {
			isa = PBXResourcesBuildPhase;
			buildActionMask = 2147483647;
			files = (
				FFA88CCD2A25255900FAC187 /* Preview Assets.xcassets in Resources */,
				FFA88CCA2A25255900FAC187 /* Assets.xcassets in Resources */,
			);
			runOnlyForDeploymentPostprocessing = 0;
		};
/* End PBXResourcesBuildPhase section */

/* Begin PBXSourcesBuildPhase section */
		FFA88CBE2A25255500FAC187 /* Sources */ = {
			isa = PBXSourcesBuildPhase;
			buildActionMask = 2147483647;
			files = (
				FFA88CD92A2529D200FAC187 /* Music.swift in Sources */,
				FFA88CE32A25D70C00FAC187 /* DetailListView.swift in Sources */,
				FFA88CE52A25D7F200FAC187 /* URLImageView.swift in Sources */,
				FFA88CD72A25282A00FAC187 /* NetworkManager.swift in Sources */,
				FFA88CC82A25255500FAC187 /* ListScreenView.swift in Sources */,
				FFA88CC62A25255500FAC187 /* ITunesByVasiliyApp.swift in Sources */,
				FFA88CDE2A2537A900FAC187 /* UIApplication.swift in Sources */,
				FFA88CD42A25265A00FAC187 /* SearchBarView.swift in Sources */,
				FFA88CE12A25D6DC00FAC187 /* CellView.swift in Sources */,
				FFA88CE72A260C8E00FAC187 /* SoundManager.swift in Sources */,
			);
			runOnlyForDeploymentPostprocessing = 0;
		};
/* End PBXSourcesBuildPhase section */

/* Begin XCBuildConfiguration section */
		FFA88CCE2A25255900FAC187 /* Debug */ = {
			isa = XCBuildConfiguration;
			buildSettings = {
				ALWAYS_SEARCH_USER_PATHS = NO;
				CLANG_ANALYZER_NONNULL = YES;
				CLANG_ANALYZER_NUMBER_OBJECT_CONVERSION = YES_AGGRESSIVE;
				CLANG_CXX_LANGUAGE_STANDARD = "gnu++20";
				CLANG_ENABLE_MODULES = YES;
				CLANG_ENABLE_OBJC_ARC = YES;
				CLANG_ENABLE_OBJC_WEAK = YES;
				CLANG_WARN_BLOCK_CAPTURE_AUTORELEASING = YES;
				CLANG_WARN_BOOL_CONVERSION = YES;
				CLANG_WARN_COMMA = YES;
				CLANG_WARN_CONSTANT_CONVERSION = YES;
				CLANG_WARN_DEPRECATED_OBJC_IMPLEMENTATIONS = YES;
				CLANG_WARN_DIRECT_OBJC_ISA_USAGE = YES_ERROR;
				CLANG_WARN_DOCUMENTATION_COMMENTS = YES;
				CLANG_WARN_EMPTY_BODY = YES;
				CLANG_WARN_ENUM_CONVERSION = YES;
				CLANG_WARN_INFINITE_RECURSION = YES;
				CLANG_WARN_INT_CONVERSION = YES;
				CLANG_WARN_NON_LITERAL_NULL_CONVERSION = YES;
				CLANG_WARN_OBJC_IMPLICIT_RETAIN_SELF = YES;
				CLANG_WARN_OBJC_LITERAL_CONVERSION = YES;
				CLANG_WARN_OBJC_ROOT_CLASS = YES_ERROR;
				CLANG_WARN_QUOTED_INCLUDE_IN_FRAMEWORK_HEADER = YES;
				CLANG_WARN_RANGE_LOOP_ANALYSIS = YES;
				CLANG_WARN_STRICT_PROTOTYPES = YES;
				CLANG_WARN_SUSPICIOUS_MOVE = YES;
				CLANG_WARN_UNGUARDED_AVAILABILITY = YES_AGGRESSIVE;
				CLANG_WARN_UNREACHABLE_CODE = YES;
				CLANG_WARN__DUPLICATE_METHOD_MATCH = YES;
				COPY_PHASE_STRIP = NO;
				DEBUG_INFORMATION_FORMAT = dwarf;
				ENABLE_STRICT_OBJC_MSGSEND = YES;
				ENABLE_TESTABILITY = YES;
				GCC_C_LANGUAGE_STANDARD = gnu11;
				GCC_DYNAMIC_NO_PIC = NO;
				GCC_NO_COMMON_BLOCKS = YES;
				GCC_OPTIMIZATION_LEVEL = 0;
				GCC_PREPROCESSOR_DEFINITIONS = (
					"DEBUG=1",
					"$(inherited)",
				);
				GCC_WARN_64_TO_32_BIT_CONVERSION = YES;
				GCC_WARN_ABOUT_RETURN_TYPE = YES_ERROR;
				GCC_WARN_UNDECLARED_SELECTOR = YES;
				GCC_WARN_UNINITIALIZED_AUTOS = YES_AGGRESSIVE;
				GCC_WARN_UNUSED_FUNCTION = YES;
				GCC_WARN_UNUSED_VARIABLE = YES;
				IPHONEOS_DEPLOYMENT_TARGET = 16.1;
				MTL_ENABLE_DEBUG_INFO = INCLUDE_SOURCE;
				MTL_FAST_MATH = YES;
				ONLY_ACTIVE_ARCH = YES;
				SDKROOT = iphoneos;
				SWIFT_ACTIVE_COMPILATION_CONDITIONS = DEBUG;
				SWIFT_OPTIMIZATION_LEVEL = "-Onone";
			};
			name = Debug;
		};
		FFA88CCF2A25255900FAC187 /* Release */ = {
			isa = XCBuildConfiguration;
			buildSettings = {
				ALWAYS_SEARCH_USER_PATHS = NO;
				CLANG_ANALYZER_NONNULL = YES;
				CLANG_ANALYZER_NUMBER_OBJECT_CONVERSION = YES_AGGRESSIVE;
				CLANG_CXX_LANGUAGE_STANDARD = "gnu++20";
				CLANG_ENABLE_MODULES = YES;
				CLANG_ENABLE_OBJC_ARC = YES;
				CLANG_ENABLE_OBJC_WEAK = YES;
				CLANG_WARN_BLOCK_CAPTURE_AUTORELEASING = YES;
				CLANG_WARN_BOOL_CONVERSION = YES;
				CLANG_WARN_COMMA = YES;
				CLANG_WARN_CONSTANT_CONVERSION = YES;
				CLANG_WARN_DEPRECATED_OBJC_IMPLEMENTATIONS = YES;
				CLANG_WARN_DIRECT_OBJC_ISA_USAGE = YES_ERROR;
				CLANG_WARN_DOCUMENTATION_COMMENTS = YES;
				CLANG_WARN_EMPTY_BODY = YES;
				CLANG_WARN_ENUM_CONVERSION = YES;
				CLANG_WARN_INFINITE_RECURSION = YES;
				CLANG_WARN_INT_CONVERSION = YES;
				CLANG_WARN_NON_LITERAL_NULL_CONVERSION = YES;
				CLANG_WARN_OBJC_IMPLICIT_RETAIN_SELF = YES;
				CLANG_WARN_OBJC_LITERAL_CONVERSION = YES;
				CLANG_WARN_OBJC_ROOT_CLASS = YES_ERROR;
				CLANG_WARN_QUOTED_INCLUDE_IN_FRAMEWORK_HEADER = YES;
				CLANG_WARN_RANGE_LOOP_ANALYSIS = YES;
				CLANG_WARN_STRICT_PROTOTYPES = YES;
				CLANG_WARN_SUSPICIOUS_MOVE = YES;
				CLANG_WARN_UNGUARDED_AVAILABILITY = YES_AGGRESSIVE;
				CLANG_WARN_UNREACHABLE_CODE = YES;
				CLANG_WARN__DUPLICATE_METHOD_MATCH = YES;
				COPY_PHASE_STRIP = NO;
				DEBUG_INFORMATION_FORMAT = "dwarf-with-dsym";
				ENABLE_NS_ASSERTIONS = NO;
				ENABLE_STRICT_OBJC_MSGSEND = YES;
				GCC_C_LANGUAGE_STANDARD = gnu11;
				GCC_NO_COMMON_BLOCKS = YES;
				GCC_WARN_64_TO_32_BIT_CONVERSION = YES;
				GCC_WARN_ABOUT_RETURN_TYPE = YES_ERROR;
				GCC_WARN_UNDECLARED_SELECTOR = YES;
				GCC_WARN_UNINITIALIZED_AUTOS = YES_AGGRESSIVE;
				GCC_WARN_UNUSED_FUNCTION = YES;
				GCC_WARN_UNUSED_VARIABLE = YES;
				IPHONEOS_DEPLOYMENT_TARGET = 16.1;
				MTL_ENABLE_DEBUG_INFO = NO;
				MTL_FAST_MATH = YES;
				SDKROOT = iphoneos;
				SWIFT_COMPILATION_MODE = wholemodule;
				SWIFT_OPTIMIZATION_LEVEL = "-O";
				VALIDATE_PRODUCT = YES;
			};
			name = Release;
		};
		FFA88CD12A25255900FAC187 /* Debug */ = {
			isa = XCBuildConfiguration;
			buildSettings = {
				ASSETCATALOG_COMPILER_APPICON_NAME = AppIcon;
				ASSETCATALOG_COMPILER_GLOBAL_ACCENT_COLOR_NAME = AccentColor;
				CODE_SIGN_STYLE = Automatic;
				CURRENT_PROJECT_VERSION = 1;
				DEVELOPMENT_ASSET_PATHS = "\"ITunesByVasiliy/Preview Content\"";
				DEVELOPMENT_TEAM = 2GWA88QY7H;
				ENABLE_PREVIEWS = YES;
				GENERATE_INFOPLIST_FILE = YES;
				INFOPLIST_KEY_UIApplicationSceneManifest_Generation = YES;
				INFOPLIST_KEY_UIApplicationSupportsIndirectInputEvents = YES;
				INFOPLIST_KEY_UILaunchScreen_Generation = YES;
				INFOPLIST_KEY_UISupportedInterfaceOrientations_iPad = "UIInterfaceOrientationPortrait UIInterfaceOrientationPortraitUpsideDown UIInterfaceOrientationLandscapeLeft UIInterfaceOrientationLandscapeRight";
				INFOPLIST_KEY_UISupportedInterfaceOrientations_iPhone = "UIInterfaceOrientationPortrait UIInterfaceOrientationLandscapeLeft UIInterfaceOrientationLandscapeRight";
				LD_RUNPATH_SEARCH_PATHS = (
					"$(inherited)",
					"@executable_path/Frameworks",
				);
				MARKETING_VERSION = 1.0;
				PRODUCT_BUNDLE_IDENTIFIER = VasiliyStartsev.ITunesByVasiliy;
				PRODUCT_NAME = "$(TARGET_NAME)";
				SWIFT_EMIT_LOC_STRINGS = YES;
				SWIFT_VERSION = 5.0;
				TARGETED_DEVICE_FAMILY = "1,2";
			};
			name = Debug;
		};
		FFA88CD22A25255900FAC187 /* Release */ = {
			isa = XCBuildConfiguration;
			buildSettings = {
				ASSETCATALOG_COMPILER_APPICON_NAME = AppIcon;
				ASSETCATALOG_COMPILER_GLOBAL_ACCENT_COLOR_NAME = AccentColor;
				CODE_SIGN_STYLE = Automatic;
				CURRENT_PROJECT_VERSION = 1;
				DEVELOPMENT_ASSET_PATHS = "\"ITunesByVasiliy/Preview Content\"";
				DEVELOPMENT_TEAM = 2GWA88QY7H;
				ENABLE_PREVIEWS = YES;
				GENERATE_INFOPLIST_FILE = YES;
				INFOPLIST_KEY_UIApplicationSceneManifest_Generation = YES;
				INFOPLIST_KEY_UIApplicationSupportsIndirectInputEvents = YES;
				INFOPLIST_KEY_UILaunchScreen_Generation = YES;
				INFOPLIST_KEY_UISupportedInterfaceOrientations_iPad = "UIInterfaceOrientationPortrait UIInterfaceOrientationPortraitUpsideDown UIInterfaceOrientationLandscapeLeft UIInterfaceOrientationLandscapeRight";
				INFOPLIST_KEY_UISupportedInterfaceOrientations_iPhone = "UIInterfaceOrientationPortrait UIInterfaceOrientationLandscapeLeft UIInterfaceOrientationLandscapeRight";
				LD_RUNPATH_SEARCH_PATHS = (
					"$(inherited)",
					"@executable_path/Frameworks",
				);
				MARKETING_VERSION = 1.0;
				PRODUCT_BUNDLE_IDENTIFIER = VasiliyStartsev.ITunesByVasiliy;
				PRODUCT_NAME = "$(TARGET_NAME)";
				SWIFT_EMIT_LOC_STRINGS = YES;
				SWIFT_VERSION = 5.0;
				TARGETED_DEVICE_FAMILY = "1,2";
			};
			name = Release;
		};
/* End XCBuildConfiguration section */

/* Begin XCConfigurationList section */
		FFA88CBD2A25255500FAC187 /* Build configuration list for PBXProject "ITunesByVasiliy" */ = {
			isa = XCConfigurationList;
			buildConfigurations = (
				FFA88CCE2A25255900FAC187 /* Debug */,
				FFA88CCF2A25255900FAC187 /* Release */,
			);
			defaultConfigurationIsVisible = 0;
			defaultConfigurationName = Release;
		};
		FFA88CD02A25255900FAC187 /* Build configuration list for PBXNativeTarget "ITunesByVasiliy" */ = {
			isa = XCConfigurationList;
			buildConfigurations = (
				FFA88CD12A25255900FAC187 /* Debug */,
				FFA88CD22A25255900FAC187 /* Release */,
			);
			defaultConfigurationIsVisible = 0;
			defaultConfigurationName = Release;
		};
/* End XCConfigurationList section */
	};
	rootObject = FFA88CBA2A25255500FAC187 /* Project object */;
}
